
Microsoft Visual Studio Solution File, Format Version 12.00
# Visual Studio Version 17
VisualStudioVersion = 17.7.34202.233
MinimumVisualStudioVersion = 10.0.40219.1
Project("{FAE04EC0-301F-11D3-BF4B-00C04F79EFBC}") = "Digital Academy", "Digital Academy.csproj", "{ABEE035F-7E7E-455F-AF25-E6E30163E0BA}"
EndProject
Global
	GlobalSection(SolutionConfigurationPlatforms) = preSolution
		Debug|Any CPU = Debug|Any CPU
		Release|Any CPU = Release|Any CPU
	EndGlobalSection
	GlobalSection(ProjectConfigurationPlatforms) = postSolution
		{ABEE035F-7E7E-455F-AF25-E6E30163E0BA}.Debug|Any CPU.ActiveCfg = Debug|Any CPU
		{ABEE035F-7E7E-455F-AF25-E6E30163E0BA}.Debug|Any CPU.Build.0 = Debug|Any CPU
		{ABEE035F-7E7E-455F-AF25-E6E30163E0BA}.Release|Any CPU.ActiveCfg = Release|Any CPU
		{ABEE035F-7E7E-455F-AF25-E6E30163E0BA}.Release|Any CPU.Build.0 = Release|Any CPU
	EndGlobalSection
	GlobalSection(SolutionProperties) = preSolution
		HideSolutionNode = FALSE
	EndGlobalSection
	GlobalSection(ExtensibilityGlobals) = postSolution
		SolutionGuid = {3E6E6DA0-BB33-44FA-992F-4247D13A5E2C}
	EndGlobalSection
EndGlobal
